
Microsoft Visual Studio Solution File, Format Version 12.00
# Visual Studio Version 17
VisualStudioVersion = 17.5.002.0
MinimumVisualStudioVersion = 10.0.40219.1
Project("{9A19103F-16F7-4668-BE54-9A1E7A4F7556}") = "Delegate", "Delegate.csproj", "{096A11FB-81F0-482D-BA55-CB1D87EB66CD}"
EndProject
Global
	GlobalSection(SolutionConfigurationPlatforms) = preSolution
		Debug|Any CPU = Debug|Any CPU
		Release|Any CPU = Release|Any CPU
	EndGlobalSection
	GlobalSection(ProjectConfigurationPlatforms) = postSolution
		{096A11FB-81F0-482D-BA55-CB1D87EB66CD}.Debug|Any CPU.ActiveCfg = Debug|Any CPU
		{096A11FB-81F0-482D-BA55-CB1D87EB66CD}.Debug|Any CPU.Build.0 = Debug|Any CPU
		{096A11FB-81F0-482D-BA55-CB1D87EB66CD}.Release|Any CPU.ActiveCfg = Release|Any CPU
		{096A11FB-81F0-482D-BA55-CB1D87EB66CD}.Release|Any CPU.Build.0 = Release|Any CPU
	EndGlobalSection
	GlobalSection(SolutionProperties) = preSolution
		HideSolutionNode = FALSE
	EndGlobalSection
	GlobalSection(ExtensibilityGlobals) = postSolution
		SolutionGuid = {74539529-BD2F-4408-B228-0967E905CAAD}
	EndGlobalSection
EndGlobal
